
Microsoft Visual Studio Solution File, Format Version 12.00
# Visual Studio Version 17
VisualStudioVersion = 17.14.36401.2
MinimumVisualStudioVersion = 10.0.40219.1
Project("{8BC9CEB8-8B4A-11D0-8D11-00A0C91BC942}") = "Agentie_de_Voiaj_Server", "Agentie_de_Voiaj_Server\Agentie_de_Voiaj_Server.vcxproj", "{60877096-7600-4316-B500-591B1DA6EBFA}"
EndProject
Project("{8BC9CEB8-8B4A-11D0-8D11-00A0C91BC942}") = "Agentie_de_Voiaj_Client", "Agentie_de_Voiaj_Client\Agentie_de_Voiaj_Client.vcxproj", "{06C0C6A3-4B4C-4E9A-8C73-1F6C356D6345}"
EndProject
Global
	GlobalSection(SolutionConfigurationPlatforms) = preSolution
		Debug|x64 = Debug|x64
		Debug|x86 = Debug|x86
		Release|x64 = Release|x64
		Release|x86 = Release|x86
	EndGlobalSection
	GlobalSection(ProjectConfigurationPlatforms) = postSolution
		{60877096-7600-4316-B500-591B1DA6EBFA}.Debug|x64.ActiveCfg = Debug|x64
		{60877096-7600-4316-B500-591B1DA6EBFA}.Debug|x64.Build.0 = Debug|x64
		{60877096-7600-4316-B500-591B1DA6EBFA}.Debug|x86.ActiveCfg = Debug|Win32
		{60877096-7600-4316-B500-591B1DA6EBFA}.Debug|x86.Build.0 = Debug|Win32
		{60877096-7600-4316-B500-591B1DA6EBFA}.Release|x64.ActiveCfg = Release|x64
		{60877096-7600-4316-B500-591B1DA6EBFA}.Release|x64.Build.0 = Release|x64
		{60877096-7600-4316-B500-591B1DA6EBFA}.Release|x86.ActiveCfg = Release|Win32
		{60877096-7600-4316-B500-591B1DA6EBFA}.Release|x86.Build.0 = Release|Win32
		{06C0C6A3-4B4C-4E9A-8C73-1F6C356D6345}.Debug|x64.ActiveCfg = Debug|x64
		{06C0C6A3-4B4C-4E9A-8C73-1F6C356D6345}.Debug|x64.Build.0 = Debug|x64
		{06C0C6A3-4B4C-4E9A-8C73-1F6C356D6345}.Debug|x86.ActiveCfg = Debug|x64
		{06C0C6A3-4B4C-4E9A-8C73-1F6C356D6345}.Debug|x86.Build.0 = Debug|x64
		{06C0C6A3-4B4C-4E9A-8C73-1F6C356D6345}.Release|x64.ActiveCfg = Release|x64
		{06C0C6A3-4B4C-4E9A-8C73-1F6C356D6345}.Release|x64.Build.0 = Release|x64
		{06C0C6A3-4B4C-4E9A-8C73-1F6C356D6345}.Release|x86.ActiveCfg = Release|x64
		{06C0C6A3-4B4C-4E9A-8C73-1F6C356D6345}.Release|x86.Build.0 = Release|x64
	EndGlobalSection
	GlobalSection(SolutionProperties) = preSolution
		HideSolutionNode = FALSE
	EndGlobalSection
	GlobalSection(ExtensibilityGlobals) = postSolution
		SolutionGuid = {151FF9FB-D544-4559-89AE-17607736B2A0}
	EndGlobalSection
EndGlobal
