<?xml version="1.0" encoding="utf-8"?>
<Project ToolsVersion="4.0" xmlns="http://schemas.microsoft.com/developer/msbuild/2003">
  <ItemGroup>
    <ClCompile Include="src\core\main.cpp" />
    <ClCompile Include="src\database\Database_Manager.cpp" />
    <ClCompile Include="src\network\Client_Handler.cpp" />
    <ClCompile Include="src\network\Protocol_Handler.cpp" />
    <ClCompile Include="src\network\Socket_Server.cpp" />
    <ClCompile Include="src\utils\utils.cpp" />
  </ItemGroup>
  <ItemGroup>
    <ClInclude Include="config\config.h" />
    <ClInclude Include="include\database\Database_Manager.h" />
    <ClInclude Include="include\network\Client_Handler.h" />
    <ClInclude Include="include\network\Network_Types.h" />
    <ClInclude Include="include\network\Protocol_Handler.h" />
    <ClInclude Include="include\network\Socket_Server.h" />
    <ClInclude Include="include\utils\utils.h" />
    <ClInclude Include="include\models\Accommodation_Data.h" />
    <ClInclude Include="include\models\Accommodation_Type_Data.h" />
    <ClInclude Include="include\models\All_Data_Structures.h" />
    <ClInclude Include="include\models\Destination_Data.h" />
    <ClInclude Include="include\models\Offer_Data.h" />
    <ClInclude Include="include\models\Reservation_Data.h" />
    <ClInclude Include="include\models\Reservation_Person_Data.h" />
    <ClInclude Include="include\models\Transport_Type_Data.h" />
    <ClInclude Include="include\models\User_Data.h" />
  </ItemGroup>
  <ItemGroup>
    <None Include="sql\data_insertion.sql" />
    <None Include="sql\extra.sql" />
    <None Include="sql\indexes.sql" />
    <None Include="sql\stored_procedures.sql" />
    <None Include="sql\tables.sql" />
    <None Include="sql\triggers.sql" />
    <None Include="sql\views.sql" />
  </ItemGroup>
</Project>