<?xml version="1.0" encoding="utf-8"?>
<Project ToolsVersion="4.0" xmlns="http://schemas.microsoft.com/developer/msbuild/2003">
  <ItemGroup>
    <Filter Include="Source Files">
      <UniqueIdentifier>{4FC737F1-C7A5-4376-A066-2A32D752A2FF}</UniqueIdentifier>
      <Extensions>qml;cpp;c;cc;cxx;def;odl;idl;hpj;bat;asm;asmx</Extensions>
    </Filter>
    <Filter Include="Header Files">
      <UniqueIdentifier>{93995380-89BD-4b04-88EB-625FBE52EBFB}</UniqueIdentifier>
      <Extensions>h;hh;hpp;hxx;hm;inl;inc;xsd</Extensions>
    </Filter>
    <Filter Include="Resource Files">
      <UniqueIdentifier>{67DA6AB6-F800-4c08-8B7A-83BB121AAD01}</UniqueIdentifier>
      <Extensions>qrc;rc;ico;cur;bmp;dlg;rc2;rct;bin;rgs;gif;jpg;jpeg;jpe;resx;tiff;tif;png;wav;mfcribbon-ms</Extensions>
    </Filter>
    <Filter Include="Form Files">
      <UniqueIdentifier>{99349809-55BA-4b9d-BF79-8FDBB0286EB3}</UniqueIdentifier>
      <Extensions>ui</Extensions>
    </Filter>
    <Filter Include="Translation Files">
      <UniqueIdentifier>{639EADAA-A684-42e4-A9AD-28FC9BCB8F7C}</UniqueIdentifier>
      <Extensions>ts</Extensions>
    </Filter>
    <Filter Include="Configuration">
      <UniqueIdentifier>{36C7C4C8-6B4F-4F8C-9A3D-E87B9C3C8D9E}</UniqueIdentifier>
      <Extensions>h</Extensions>
    </Filter>
    <Filter Include="Utilities">
      <UniqueIdentifier>{72D5C3B7-8A1F-4E2C-B6D9-F43E8F2D1C9A}</UniqueIdentifier>
      <Extensions>h;cpp</Extensions>
    </Filter>
  </ItemGroup>
  <ItemGroup>
    <QtRcc Include="resources.qrc">
      <Filter>Resource Files</Filter>
    </QtRcc>
    <QtUic Include="main_window.ui">
      <Filter>Form Files</Filter>
    </QtUic>
    <QtMoc Include="main_window.h">
      <Filter>Header Files</Filter>
    </QtMoc>
    <ClCompile Include="main_window.cpp">
      <Filter>Source Files</Filter>
    </ClCompile>
    <None Include="Agentie_de_Voiaj_Client.ico">
      <Filter>Resource Files</Filter>
    </None>
    <ResourceCompile Include="Agentie_de_Voiaj_Client.rc">
      <Filter>Resource Files</Filter>
    </ResourceCompile>
  </ItemGroup>
  <ItemGroup>
    <ClCompile Include="main.cpp">
      <Filter>Source Files</Filter>
    </ClCompile>
    <ClCompile Include="login_dialog.cpp">
      <Filter>Source Files</Filter>
    </ClCompile>
    <ClCompile Include="network_manager.cpp">
      <Filter>Source Files</Filter>
    </ClCompile>
    <ClCompile Include="utils.cpp">
      <Filter>Utilities</Filter>
    </ClCompile>
  </ItemGroup>
  <ItemGroup>
    <ClInclude Include="config.h">
      <Filter>Configuration</Filter>
    </ClInclude>
    <ClInclude Include="utils.h">
      <Filter>Utilities</Filter>
    </ClInclude>
  <ItemGroup>
    <QtMoc Include="login_dialog.h">
      <Filter>Header Files</Filter>
    </QtMoc>
    <QtMoc Include="network_manager.h">
      <Filter>Header Files</Filter>
    </QtMoc>
  </ItemGroup>
</Project>